PODS:
  - secp256k1_ios (0.0.4)

DEPENDENCIES:
  - secp256k1_ios (from `https://github.com/shamatar/secp256k1_ios.git`)

EXTERNAL SOURCES:
  secp256k1_ios:
    :git: https://github.com/shamatar/secp256k1_ios.git

CHECKOUT OPTIONS:
  secp256k1_ios:
    :commit: 9208f7d08e4d620b5e1ccba6aeef1392228d2274
    :git: https://github.com/shamatar/secp256k1_ios.git

SPEC CHECKSUMS:
  secp256k1_ios: 4244bfe56f58a5082a285e02a074df34746e9ad3

PODFILE CHECKSUM: 6f2e207ccac7de86acd78da9b8cb883e5b3cf43e

COCOAPODS: 1.3.1
